
Microsoft Visual Studio Solution File, Format Version 12.00
# Visual Studio Version 17
VisualStudioVersion = 17.2.32519.379
MinimumVisualStudioVersion = 10.0.40219.1
Project("{FAE04EC0-301F-11D3-BF4B-00C04F79EFBC}") = "ToiletParadise", "ToiletParadise\ToiletParadise.csproj", "{7363569B-9141-4600-A799-DC42493ADFF0}"
EndProject
Global
	GlobalSection(SolutionConfigurationPlatforms) = preSolution
		Debug|Any CPU = Debug|Any CPU
		Release|Any CPU = Release|Any CPU
	EndGlobalSection
	GlobalSection(ProjectConfigurationPlatforms) = postSolution
		{7363569B-9141-4600-A799-DC42493ADFF0}.Debug|Any CPU.ActiveCfg = Debug|Any CPU
		{7363569B-9141-4600-A799-DC42493ADFF0}.Debug|Any CPU.Build.0 = Debug|Any CPU
		{7363569B-9141-4600-A799-DC42493ADFF0}.Release|Any CPU.ActiveCfg = Release|Any CPU
		{7363569B-9141-4600-A799-DC42493ADFF0}.Release|Any CPU.Build.0 = Release|Any CPU
	EndGlobalSection
	GlobalSection(SolutionProperties) = preSolution
		HideSolutionNode = FALSE
	EndGlobalSection
	GlobalSection(ExtensibilityGlobals) = postSolution
		SolutionGuid = {45D5D7DA-ECAC-4037-9B8F-EA05A7D2E20C}
	EndGlobalSection
EndGlobal
